
Microsoft Visual Studio Solution File, Format Version 12.00
# Visual Studio Version 17
VisualStudioVersion = 17.0.32126.317
MinimumVisualStudioVersion = 10.0.40219.1
Project("{FAE04EC0-301F-11D3-BF4B-00C04F79EFBC}") = "PhishMyV1", "PhishMyV1\PhishMyV1.csproj", "{1C60B83F-A801-4E3D-9967-AEA962AEB3BA}"
EndProject
Global
	GlobalSection(SolutionConfigurationPlatforms) = preSolution
		Debug|Any CPU = Debug|Any CPU
		Release|Any CPU = Release|Any CPU
	EndGlobalSection
	GlobalSection(ProjectConfigurationPlatforms) = postSolution
		{1C60B83F-A801-4E3D-9967-AEA962AEB3BA}.Debug|Any CPU.ActiveCfg = Debug|Any CPU
		{1C60B83F-A801-4E3D-9967-AEA962AEB3BA}.Debug|Any CPU.Build.0 = Debug|Any CPU
		{1C60B83F-A801-4E3D-9967-AEA962AEB3BA}.Release|Any CPU.ActiveCfg = Release|Any CPU
		{1C60B83F-A801-4E3D-9967-AEA962AEB3BA}.Release|Any CPU.Build.0 = Release|Any CPU
	EndGlobalSection
	GlobalSection(SolutionProperties) = preSolution
		HideSolutionNode = FALSE
	EndGlobalSection
	GlobalSection(ExtensibilityGlobals) = postSolution
		SolutionGuid = {F15CD74D-7871-4291-AE87-47BA2563D692}
	EndGlobalSection
EndGlobal
